<?xml version="1.0" encoding="utf-8"?>
<Project ToolsVersion="4.0" xmlns="http://schemas.microsoft.com/developer/msbuild/2003">
  <ItemGroup>
    <ClCompile Include="ConsoleUi.cpp" />
    <ClCompile Include="FourInARowLib.cpp" />
    <ClCompile Include="GameBoard.cpp" />
    <ClCompile Include="GameHost.cpp" />
    <ClCompile Include="GameRules.cpp" />
    <ClCompile Include="HumanPlayer.cpp" />
    <ClCompile Include="LowestLineBot.cpp" />
    <ClCompile Include="LeftColumnBot.cpp" />
    <ClCompile Include="Player.cpp" />
    <ClCompile Include="RandomBot.cpp" />
  </ItemGroup>
  <ItemGroup>
    <ClInclude Include="ConsoleUi.h" />
    <ClInclude Include="FourInARowLib.h" />
    <ClInclude Include="framework.h" />
    <ClInclude Include="GameBoard.h" />
    <ClInclude Include="GameHost.h" />
    <ClInclude Include="GameRules.h" />
    <ClInclude Include="HumanPlayer.h" />
    <ClInclude Include="LowestLineBot.h" />
    <ClInclude Include="LeftColumnBot.h" />
    <ClInclude Include="Player.h" />
    <ClInclude Include="RandomBot.h" />
    <ClInclude Include="TeamEnum.h" />
    <ClInclude Include="Ui.h" />
  </ItemGroup>
  <ItemGroup>
    <None Include="packages.config" />
  </ItemGroup>
</Project>